
Microsoft Visual Studio Solution File, Format Version 12.00
Project("{2150E333-8FDC-42A3-9474-1A3956D46DE8}") = "src", "src", "{B3242C85-5010-4B5D-9592-8649A2F0EAFD}"
EndProject
Project("{2150E333-8FDC-42A3-9474-1A3956D46DE8}") = "Api", "Api", "{0A12F967-31F9-430A-8575-3D83BE0BF71D}"
EndProject
Project("{2150E333-8FDC-42A3-9474-1A3956D46DE8}") = "Modules", "Modules", "{BF290312-8CCE-4FF9-8A71-06B8F6888DED}"
EndProject
Project("{2150E333-8FDC-42A3-9474-1A3956D46DE8}") = "Shared", "Shared", "{12E277BB-F625-4C44-B6B8-9D3D5E9EF486}"
EndProject
Project("{FAE04EC0-301F-11D3-BF4B-00C04F79EFBC}") = "Inventofree.Api", "src\Api\Inventofree.Api\Inventofree.Api.csproj", "{3EB1F5AE-1E14-4B10-81A4-F7CAABDCF458}"
EndProject
Project("{FAE04EC0-301F-11D3-BF4B-00C04F79EFBC}") = "Inventofree.Shared.Core", "src\Shared\Inventofree.Shared.Core\Inventofree.Shared.Core.csproj", "{0DCD5B5D-946B-4BB2-ADFB-E99E3C20AF7F}"
EndProject
Project("{FAE04EC0-301F-11D3-BF4B-00C04F79EFBC}") = "Inventofree.Shared.Infrastructure", "src\Shared\Inventofree.Shared.Infrastructure\Inventofree.Shared.Infrastructure.csproj", "{1D49C7DF-D332-436F-9F5E-552D16C3C551}"
EndProject
Project("{2150E333-8FDC-42A3-9474-1A3956D46DE8}") = "Item", "Item", "{89252EA3-B306-4999-A35C-C1F16AB951C2}"
EndProject
Project("{FAE04EC0-301F-11D3-BF4B-00C04F79EFBC}") = "Inventofree.Module.Item", "src\Modules\Inventofree.Module.Item\Inventofree.Module.Item.csproj", "{4346656C-2737-43CD-BD20-B241425309C8}"
EndProject
Project("{FAE04EC0-301F-11D3-BF4B-00C04F79EFBC}") = "Inventofree.Module.Item.Core", "src\Modules\Inventofree.Module.Item.Core\Inventofree.Module.Item.Core.csproj", "{B35C1513-1D5F-4F25-983A-05908EDB8CD5}"
EndProject
Project("{FAE04EC0-301F-11D3-BF4B-00C04F79EFBC}") = "Inventofree.Module.Item.Infrastructure", "src\Modules\Inventofree.Module.Item.Infrastructure\Inventofree.Module.Item.Infrastructure.csproj", "{80A67E68-FD4F-4B77-A4CF-25E6AEC9E07E}"
EndProject
Project("{FAE04EC0-301F-11D3-BF4B-00C04F79EFBC}") = "Inventofree.Shared.Models", "src\Shared\Inventofree.Shared.Models\Inventofree.Shared.Models.csproj", "{F8C6C105-AAD1-4B3F-9DB1-C5A9EA007179}"
EndProject
Project("{2150E333-8FDC-42A3-9474-1A3956D46DE8}") = "Http", "Http", "{4A82F088-C380-4C21-BDE1-055C3B6509E3}"
EndProject
Global
	GlobalSection(SolutionConfigurationPlatforms) = preSolution
		Debug|Any CPU = Debug|Any CPU
		Release|Any CPU = Release|Any CPU
	EndGlobalSection
	GlobalSection(ProjectConfigurationPlatforms) = postSolution
		{3EB1F5AE-1E14-4B10-81A4-F7CAABDCF458}.Debug|Any CPU.ActiveCfg = Debug|Any CPU
		{3EB1F5AE-1E14-4B10-81A4-F7CAABDCF458}.Debug|Any CPU.Build.0 = Debug|Any CPU
		{3EB1F5AE-1E14-4B10-81A4-F7CAABDCF458}.Release|Any CPU.ActiveCfg = Release|Any CPU
		{3EB1F5AE-1E14-4B10-81A4-F7CAABDCF458}.Release|Any CPU.Build.0 = Release|Any CPU
		{0DCD5B5D-946B-4BB2-ADFB-E99E3C20AF7F}.Debug|Any CPU.ActiveCfg = Debug|Any CPU
		{0DCD5B5D-946B-4BB2-ADFB-E99E3C20AF7F}.Debug|Any CPU.Build.0 = Debug|Any CPU
		{0DCD5B5D-946B-4BB2-ADFB-E99E3C20AF7F}.Release|Any CPU.ActiveCfg = Release|Any CPU
		{0DCD5B5D-946B-4BB2-ADFB-E99E3C20AF7F}.Release|Any CPU.Build.0 = Release|Any CPU
		{1D49C7DF-D332-436F-9F5E-552D16C3C551}.Debug|Any CPU.ActiveCfg = Debug|Any CPU
		{1D49C7DF-D332-436F-9F5E-552D16C3C551}.Debug|Any CPU.Build.0 = Debug|Any CPU
		{1D49C7DF-D332-436F-9F5E-552D16C3C551}.Release|Any CPU.ActiveCfg = Release|Any CPU
		{1D49C7DF-D332-436F-9F5E-552D16C3C551}.Release|Any CPU.Build.0 = Release|Any CPU
		{4346656C-2737-43CD-BD20-B241425309C8}.Debug|Any CPU.ActiveCfg = Debug|Any CPU
		{4346656C-2737-43CD-BD20-B241425309C8}.Debug|Any CPU.Build.0 = Debug|Any CPU
		{4346656C-2737-43CD-BD20-B241425309C8}.Release|Any CPU.ActiveCfg = Release|Any CPU
		{4346656C-2737-43CD-BD20-B241425309C8}.Release|Any CPU.Build.0 = Release|Any CPU
		{B35C1513-1D5F-4F25-983A-05908EDB8CD5}.Debug|Any CPU.ActiveCfg = Debug|Any CPU
		{B35C1513-1D5F-4F25-983A-05908EDB8CD5}.Debug|Any CPU.Build.0 = Debug|Any CPU
		{B35C1513-1D5F-4F25-983A-05908EDB8CD5}.Release|Any CPU.ActiveCfg = Release|Any CPU
		{B35C1513-1D5F-4F25-983A-05908EDB8CD5}.Release|Any CPU.Build.0 = Release|Any CPU
		{80A67E68-FD4F-4B77-A4CF-25E6AEC9E07E}.Debug|Any CPU.ActiveCfg = Debug|Any CPU
		{80A67E68-FD4F-4B77-A4CF-25E6AEC9E07E}.Debug|Any CPU.Build.0 = Debug|Any CPU
		{80A67E68-FD4F-4B77-A4CF-25E6AEC9E07E}.Release|Any CPU.ActiveCfg = Release|Any CPU
		{80A67E68-FD4F-4B77-A4CF-25E6AEC9E07E}.Release|Any CPU.Build.0 = Release|Any CPU
		{F8C6C105-AAD1-4B3F-9DB1-C5A9EA007179}.Debug|Any CPU.ActiveCfg = Debug|Any CPU
		{F8C6C105-AAD1-4B3F-9DB1-C5A9EA007179}.Debug|Any CPU.Build.0 = Debug|Any CPU
		{F8C6C105-AAD1-4B3F-9DB1-C5A9EA007179}.Release|Any CPU.ActiveCfg = Release|Any CPU
		{F8C6C105-AAD1-4B3F-9DB1-C5A9EA007179}.Release|Any CPU.Build.0 = Release|Any CPU
	EndGlobalSection
	GlobalSection(NestedProjects) = preSolution
		{0A12F967-31F9-430A-8575-3D83BE0BF71D} = {B3242C85-5010-4B5D-9592-8649A2F0EAFD}
		{BF290312-8CCE-4FF9-8A71-06B8F6888DED} = {B3242C85-5010-4B5D-9592-8649A2F0EAFD}
		{12E277BB-F625-4C44-B6B8-9D3D5E9EF486} = {B3242C85-5010-4B5D-9592-8649A2F0EAFD}
		{3EB1F5AE-1E14-4B10-81A4-F7CAABDCF458} = {0A12F967-31F9-430A-8575-3D83BE0BF71D}
		{0DCD5B5D-946B-4BB2-ADFB-E99E3C20AF7F} = {12E277BB-F625-4C44-B6B8-9D3D5E9EF486}
		{1D49C7DF-D332-436F-9F5E-552D16C3C551} = {12E277BB-F625-4C44-B6B8-9D3D5E9EF486}
		{89252EA3-B306-4999-A35C-C1F16AB951C2} = {BF290312-8CCE-4FF9-8A71-06B8F6888DED}
		{4346656C-2737-43CD-BD20-B241425309C8} = {89252EA3-B306-4999-A35C-C1F16AB951C2}
		{B35C1513-1D5F-4F25-983A-05908EDB8CD5} = {89252EA3-B306-4999-A35C-C1F16AB951C2}
		{80A67E68-FD4F-4B77-A4CF-25E6AEC9E07E} = {89252EA3-B306-4999-A35C-C1F16AB951C2}
		{F8C6C105-AAD1-4B3F-9DB1-C5A9EA007179} = {12E277BB-F625-4C44-B6B8-9D3D5E9EF486}
	EndGlobalSection
EndGlobal
