
Microsoft Visual Studio Solution File, Format Version 12.00
Project("{2150E333-8FDC-42A3-9474-1A3956D46DE8}") = "src", "src", "{B3242C85-5010-4B5D-9592-8649A2F0EAFD}"
EndProject
Project("{2150E333-8FDC-42A3-9474-1A3956D46DE8}") = "Api", "Api", "{0A12F967-31F9-430A-8575-3D83BE0BF71D}"
EndProject
Project("{2150E333-8FDC-42A3-9474-1A3956D46DE8}") = "Modules", "Modules", "{BF290312-8CCE-4FF9-8A71-06B8F6888DED}"
EndProject
Project("{2150E333-8FDC-42A3-9474-1A3956D46DE8}") = "Shared", "Shared", "{12E277BB-F625-4C44-B6B8-9D3D5E9EF486}"
EndProject
Project("{FAE04EC0-301F-11D3-BF4B-00C04F79EFBC}") = "Inventofree.Api", "src\Api\Inventofree.Api\Inventofree.Api.csproj", "{3EB1F5AE-1E14-4B10-81A4-F7CAABDCF458}"
EndProject
Project("{FAE04EC0-301F-11D3-BF4B-00C04F79EFBC}") = "Inventofree.Shared.Core", "src\Shared\Inventofree.Shared.Core\Inventofree.Shared.Core.csproj", "{0DCD5B5D-946B-4BB2-ADFB-E99E3C20AF7F}"
EndProject
Project("{FAE04EC0-301F-11D3-BF4B-00C04F79EFBC}") = "Inventofree.Shared.Infrastructure", "src\Shared\Inventofree.Shared.Infrastructure\Inventofree.Shared.Infrastructure.csproj", "{1D49C7DF-D332-436F-9F5E-552D16C3C551}"
EndProject
Project("{2150E333-8FDC-42A3-9474-1A3956D46DE8}") = "Item", "Item", "{89252EA3-B306-4999-A35C-C1F16AB951C2}"
EndProject
Project("{FAE04EC0-301F-11D3-BF4B-00C04F79EFBC}") = "Inventofree.Module.Item", "src\Modules\Inventofree.Module.Item\Inventofree.Module.Item.csproj", "{4346656C-2737-43CD-BD20-B241425309C8}"
EndProject
Project("{FAE04EC0-301F-11D3-BF4B-00C04F79EFBC}") = "Inventofree.Module.Item.Core", "src\Modules\Inventofree.Module.Item.Core\Inventofree.Module.Item.Core.csproj", "{B35C1513-1D5F-4F25-983A-05908EDB8CD5}"
EndProject
Project("{FAE04EC0-301F-11D3-BF4B-00C04F79EFBC}") = "Inventofree.Module.Item.Infrastructure", "src\Modules\Inventofree.Module.Item.Infrastructure\Inventofree.Module.Item.Infrastructure.csproj", "{80A67E68-FD4F-4B77-A4CF-25E6AEC9E07E}"
EndProject
Project("{FAE04EC0-301F-11D3-BF4B-00C04F79EFBC}") = "Inventofree.Shared.Models", "src\Shared\Inventofree.Shared.Models\Inventofree.Shared.Models.csproj", "{F8C6C105-AAD1-4B3F-9DB1-C5A9EA007179}"
EndProject
Project("{2150E333-8FDC-42A3-9474-1A3956D46DE8}") = "User", "User", "{280BB301-28FF-4193-B493-7F5F276B8984}"
EndProject
Project("{FAE04EC0-301F-11D3-BF4B-00C04F79EFBC}") = "Inventofree.Module.User", "src\Modules\Inventofree.Module.User\Inventofree.Module.User.csproj", "{12000E6C-EAC1-4560-BD21-BE9E8DE6BB96}"
EndProject
Project("{FAE04EC0-301F-11D3-BF4B-00C04F79EFBC}") = "Inventofree.Module.User.Core", "src\Modules\Inventofree.Module.User.Core\Inventofree.Module.User.Core.csproj", "{76F2C8C7-8653-4207-9B8F-141D78CA7E62}"
EndProject
Project("{FAE04EC0-301F-11D3-BF4B-00C04F79EFBC}") = "Inventofree.Module.User.Infrastructure", "src\Modules\Inventofree.Module.User.Infrastructure\Inventofree.Module.User.Infrastructure.csproj", "{5BC53AFE-D98C-4067-9039-BB666EB29662}"
EndProject
Project("{2150E333-8FDC-42A3-9474-1A3956D46DE8}") = "test", "test", "{59785109-246A-4C9E-8BAB-820C4066C614}"
EndProject
Project("{2150E333-8FDC-42A3-9474-1A3956D46DE8}") = "Api", "Api", "{53D27F28-CA6A-45ED-BCA1-43CA1B6AD0A8}"
EndProject
Project("{2150E333-8FDC-42A3-9474-1A3956D46DE8}") = "Modules", "Modules", "{164776D2-9319-4E00-9DCB-2F3D218DC0C4}"
EndProject
Project("{2150E333-8FDC-42A3-9474-1A3956D46DE8}") = "Shared", "Shared", "{D6D5AC7F-3B32-4623-A711-F1B5D7A338E6}"
EndProject
Project("{2150E333-8FDC-42A3-9474-1A3956D46DE8}") = "User", "User", "{90AB1EE5-1FE2-4B61-9E58-11FE68DC0E94}"
EndProject
Project("{2150E333-8FDC-42A3-9474-1A3956D46DE8}") = "Item", "Item", "{7D837369-D436-4276-85B2-33418DC67993}"
EndProject
Project("{FAE04EC0-301F-11D3-BF4B-00C04F79EFBC}") = "Inventofree.Module.Item.Tests", "test\Modules\Item\Inventofree.Module.Item.Tests\Inventofree.Module.Item.Tests.csproj", "{71C22B84-1993-44C3-9DC6-8F34F49371B8}"
EndProject
Project("{FAE04EC0-301F-11D3-BF4B-00C04F79EFBC}") = "Inventofree.Module.User.Tests", "test\Modules\Item\Inventofree.Module.User.Tests\Inventofree.Module.User.Tests.csproj", "{B3F4AB1C-1367-4CCC-8EE9-7F5925688B0A}"
EndProject
Project("{2150E333-8FDC-42A3-9474-1A3956D46DE8}") = "AuditTrail", "AuditTrail", "{A8FB42B8-5FE2-4F4D-9333-4F063C767EF0}"
EndProject
Project("{FAE04EC0-301F-11D3-BF4B-00C04F79EFBC}") = "Inventofree.Module.AuditTrail.Core", "src\Modules\Inventofree.Module.AuditTrail.Core\Inventofree.Module.AuditTrail.Core.csproj", "{660FE6A5-0C57-41E7-806A-7D01443799F5}"
EndProject
Project("{FAE04EC0-301F-11D3-BF4B-00C04F79EFBC}") = "Inventofree.Module.AuditTrail.Infrastructure", "src\Modules\Inventofree.Module.AuditTrail.Infrastructure\Inventofree.Module.AuditTrail.Infrastructure.csproj", "{6ACCCB2A-3251-46FE-9D2D-A2B360620FF2}"
EndProject
Project("{FAE04EC0-301F-11D3-BF4B-00C04F79EFBC}") = "Inventofree.Module.AuditTrail", "src\Modules\Inventofree.Module.AuditTrail\Inventofree.Module.AuditTrail.csproj", "{11C0F1AB-914B-4E40-A964-2C7FDDCCECFC}"
EndProject
Project("{2150E333-8FDC-42A3-9474-1A3956D46DE8}") = "AuditTrail", "AuditTrail", "{779323EA-D7CA-4E4F-B9ED-BDB450C90694}"
EndProject
Project("{FAE04EC0-301F-11D3-BF4B-00C04F79EFBC}") = "Inventofree.Module.AuditTrail.Tests", "test\Modules\AuditTrail\Inventofree.Module.AuditTrail.Tests\Inventofree.Module.AuditTrail.Tests.csproj", "{09732005-DC2D-46DC-9386-F074FFF1FE34}"
EndProject
Project("{FAE04EC0-301F-11D3-BF4B-00C04F79EFBC}") = "Inventofree.Module.AuditTrail.Core.Tests", "test\Modules\AuditTrail\Inventofree.Module.AuditTrail.Core.Tests\Inventofree.Module.AuditTrail.Core.Tests.csproj", "{ED527B13-3DFC-415C-AEF3-B00A81995FD7}"
EndProject
Project("{FAE04EC0-301F-11D3-BF4B-00C04F79EFBC}") = "Inventofree.Module.Item.Core.Tests", "test\Modules\Item\Inventofree.Module.Item.Core.Tests\Inventofree.Module.Item.Core.Tests.csproj", "{7EFE9B6C-35B3-45F0-AF1B-A3E8D2EE5E79}"
EndProject
Project("{FAE04EC0-301F-11D3-BF4B-00C04F79EFBC}") = "Inventofree.Module.User.Core.Tests", "test\Modules\Inventofree.Module.User.Core.Tests\Inventofree.Module.User.Core.Tests.csproj", "{28B0A137-031E-47FC-8B47-2EFC63DF3E39}"
EndProject
Project("{2150E333-8FDC-42A3-9474-1A3956D46DE8}") = "Transaction", "Transaction", "{F9964A10-E1CF-4753-B313-D679AF45CB0A}"
EndProject
Project("{FAE04EC0-301F-11D3-BF4B-00C04F79EFBC}") = "Inventofree.Module.Transaction", "src\Modules\Inventofree.Module.Transaction\Inventofree.Module.Transaction.csproj", "{F04831F2-C6B5-40A0-8A0A-2E5B37B69062}"
EndProject
Project("{FAE04EC0-301F-11D3-BF4B-00C04F79EFBC}") = "Inventofree.Module.Transaction.Core", "src\Modules\Inventofree.Module.Transaction.Core\Inventofree.Module.Transaction.Core.csproj", "{EEAED1D3-F073-474E-9FF8-42E3C908BFDB}"
EndProject
Project("{FAE04EC0-301F-11D3-BF4B-00C04F79EFBC}") = "Inventofree.Module.Transaction.Infrastructure", "src\Modules\Inventofree.Module.Transaction.Infrastructure\Inventofree.Module.Transaction.Infrastructure.csproj", "{DCA5CFBC-0AD4-4E6F-883D-30A2A9E4C9E2}"
EndProject
Global
	GlobalSection(SolutionConfigurationPlatforms) = preSolution
		Debug|Any CPU = Debug|Any CPU
		Release|Any CPU = Release|Any CPU
	EndGlobalSection
	GlobalSection(ProjectConfigurationPlatforms) = postSolution
		{3EB1F5AE-1E14-4B10-81A4-F7CAABDCF458}.Debug|Any CPU.ActiveCfg = Debug|Any CPU
		{3EB1F5AE-1E14-4B10-81A4-F7CAABDCF458}.Debug|Any CPU.Build.0 = Debug|Any CPU
		{3EB1F5AE-1E14-4B10-81A4-F7CAABDCF458}.Release|Any CPU.ActiveCfg = Release|Any CPU
		{3EB1F5AE-1E14-4B10-81A4-F7CAABDCF458}.Release|Any CPU.Build.0 = Release|Any CPU
		{0DCD5B5D-946B-4BB2-ADFB-E99E3C20AF7F}.Debug|Any CPU.ActiveCfg = Debug|Any CPU
		{0DCD5B5D-946B-4BB2-ADFB-E99E3C20AF7F}.Debug|Any CPU.Build.0 = Debug|Any CPU
		{0DCD5B5D-946B-4BB2-ADFB-E99E3C20AF7F}.Release|Any CPU.ActiveCfg = Release|Any CPU
		{0DCD5B5D-946B-4BB2-ADFB-E99E3C20AF7F}.Release|Any CPU.Build.0 = Release|Any CPU
		{1D49C7DF-D332-436F-9F5E-552D16C3C551}.Debug|Any CPU.ActiveCfg = Debug|Any CPU
		{1D49C7DF-D332-436F-9F5E-552D16C3C551}.Debug|Any CPU.Build.0 = Debug|Any CPU
		{1D49C7DF-D332-436F-9F5E-552D16C3C551}.Release|Any CPU.ActiveCfg = Release|Any CPU
		{1D49C7DF-D332-436F-9F5E-552D16C3C551}.Release|Any CPU.Build.0 = Release|Any CPU
		{4346656C-2737-43CD-BD20-B241425309C8}.Debug|Any CPU.ActiveCfg = Debug|Any CPU
		{4346656C-2737-43CD-BD20-B241425309C8}.Debug|Any CPU.Build.0 = Debug|Any CPU
		{4346656C-2737-43CD-BD20-B241425309C8}.Release|Any CPU.ActiveCfg = Release|Any CPU
		{4346656C-2737-43CD-BD20-B241425309C8}.Release|Any CPU.Build.0 = Release|Any CPU
		{B35C1513-1D5F-4F25-983A-05908EDB8CD5}.Debug|Any CPU.ActiveCfg = Debug|Any CPU
		{B35C1513-1D5F-4F25-983A-05908EDB8CD5}.Debug|Any CPU.Build.0 = Debug|Any CPU
		{B35C1513-1D5F-4F25-983A-05908EDB8CD5}.Release|Any CPU.ActiveCfg = Release|Any CPU
		{B35C1513-1D5F-4F25-983A-05908EDB8CD5}.Release|Any CPU.Build.0 = Release|Any CPU
		{80A67E68-FD4F-4B77-A4CF-25E6AEC9E07E}.Debug|Any CPU.ActiveCfg = Debug|Any CPU
		{80A67E68-FD4F-4B77-A4CF-25E6AEC9E07E}.Debug|Any CPU.Build.0 = Debug|Any CPU
		{80A67E68-FD4F-4B77-A4CF-25E6AEC9E07E}.Release|Any CPU.ActiveCfg = Release|Any CPU
		{80A67E68-FD4F-4B77-A4CF-25E6AEC9E07E}.Release|Any CPU.Build.0 = Release|Any CPU
		{F8C6C105-AAD1-4B3F-9DB1-C5A9EA007179}.Debug|Any CPU.ActiveCfg = Debug|Any CPU
		{F8C6C105-AAD1-4B3F-9DB1-C5A9EA007179}.Debug|Any CPU.Build.0 = Debug|Any CPU
		{F8C6C105-AAD1-4B3F-9DB1-C5A9EA007179}.Release|Any CPU.ActiveCfg = Release|Any CPU
		{F8C6C105-AAD1-4B3F-9DB1-C5A9EA007179}.Release|Any CPU.Build.0 = Release|Any CPU
		{12000E6C-EAC1-4560-BD21-BE9E8DE6BB96}.Debug|Any CPU.ActiveCfg = Debug|Any CPU
		{12000E6C-EAC1-4560-BD21-BE9E8DE6BB96}.Debug|Any CPU.Build.0 = Debug|Any CPU
		{12000E6C-EAC1-4560-BD21-BE9E8DE6BB96}.Release|Any CPU.ActiveCfg = Release|Any CPU
		{12000E6C-EAC1-4560-BD21-BE9E8DE6BB96}.Release|Any CPU.Build.0 = Release|Any CPU
		{76F2C8C7-8653-4207-9B8F-141D78CA7E62}.Debug|Any CPU.ActiveCfg = Debug|Any CPU
		{76F2C8C7-8653-4207-9B8F-141D78CA7E62}.Debug|Any CPU.Build.0 = Debug|Any CPU
		{76F2C8C7-8653-4207-9B8F-141D78CA7E62}.Release|Any CPU.ActiveCfg = Release|Any CPU
		{76F2C8C7-8653-4207-9B8F-141D78CA7E62}.Release|Any CPU.Build.0 = Release|Any CPU
		{5BC53AFE-D98C-4067-9039-BB666EB29662}.Debug|Any CPU.ActiveCfg = Debug|Any CPU
		{5BC53AFE-D98C-4067-9039-BB666EB29662}.Debug|Any CPU.Build.0 = Debug|Any CPU
		{5BC53AFE-D98C-4067-9039-BB666EB29662}.Release|Any CPU.ActiveCfg = Release|Any CPU
		{5BC53AFE-D98C-4067-9039-BB666EB29662}.Release|Any CPU.Build.0 = Release|Any CPU
		{71C22B84-1993-44C3-9DC6-8F34F49371B8}.Debug|Any CPU.ActiveCfg = Debug|Any CPU
		{71C22B84-1993-44C3-9DC6-8F34F49371B8}.Debug|Any CPU.Build.0 = Debug|Any CPU
		{71C22B84-1993-44C3-9DC6-8F34F49371B8}.Release|Any CPU.ActiveCfg = Release|Any CPU
		{71C22B84-1993-44C3-9DC6-8F34F49371B8}.Release|Any CPU.Build.0 = Release|Any CPU
		{B3F4AB1C-1367-4CCC-8EE9-7F5925688B0A}.Debug|Any CPU.ActiveCfg = Debug|Any CPU
		{B3F4AB1C-1367-4CCC-8EE9-7F5925688B0A}.Debug|Any CPU.Build.0 = Debug|Any CPU
		{B3F4AB1C-1367-4CCC-8EE9-7F5925688B0A}.Release|Any CPU.ActiveCfg = Release|Any CPU
		{B3F4AB1C-1367-4CCC-8EE9-7F5925688B0A}.Release|Any CPU.Build.0 = Release|Any CPU
		{660FE6A5-0C57-41E7-806A-7D01443799F5}.Debug|Any CPU.ActiveCfg = Debug|Any CPU
		{660FE6A5-0C57-41E7-806A-7D01443799F5}.Debug|Any CPU.Build.0 = Debug|Any CPU
		{660FE6A5-0C57-41E7-806A-7D01443799F5}.Release|Any CPU.ActiveCfg = Release|Any CPU
		{660FE6A5-0C57-41E7-806A-7D01443799F5}.Release|Any CPU.Build.0 = Release|Any CPU
		{6ACCCB2A-3251-46FE-9D2D-A2B360620FF2}.Debug|Any CPU.ActiveCfg = Debug|Any CPU
		{6ACCCB2A-3251-46FE-9D2D-A2B360620FF2}.Debug|Any CPU.Build.0 = Debug|Any CPU
		{6ACCCB2A-3251-46FE-9D2D-A2B360620FF2}.Release|Any CPU.ActiveCfg = Release|Any CPU
		{6ACCCB2A-3251-46FE-9D2D-A2B360620FF2}.Release|Any CPU.Build.0 = Release|Any CPU
		{11C0F1AB-914B-4E40-A964-2C7FDDCCECFC}.Debug|Any CPU.ActiveCfg = Debug|Any CPU
		{11C0F1AB-914B-4E40-A964-2C7FDDCCECFC}.Debug|Any CPU.Build.0 = Debug|Any CPU
		{11C0F1AB-914B-4E40-A964-2C7FDDCCECFC}.Release|Any CPU.ActiveCfg = Release|Any CPU
		{11C0F1AB-914B-4E40-A964-2C7FDDCCECFC}.Release|Any CPU.Build.0 = Release|Any CPU
		{09732005-DC2D-46DC-9386-F074FFF1FE34}.Debug|Any CPU.ActiveCfg = Debug|Any CPU
		{09732005-DC2D-46DC-9386-F074FFF1FE34}.Debug|Any CPU.Build.0 = Debug|Any CPU
		{09732005-DC2D-46DC-9386-F074FFF1FE34}.Release|Any CPU.ActiveCfg = Release|Any CPU
		{09732005-DC2D-46DC-9386-F074FFF1FE34}.Release|Any CPU.Build.0 = Release|Any CPU
		{ED527B13-3DFC-415C-AEF3-B00A81995FD7}.Debug|Any CPU.ActiveCfg = Debug|Any CPU
		{ED527B13-3DFC-415C-AEF3-B00A81995FD7}.Debug|Any CPU.Build.0 = Debug|Any CPU
		{ED527B13-3DFC-415C-AEF3-B00A81995FD7}.Release|Any CPU.ActiveCfg = Release|Any CPU
		{ED527B13-3DFC-415C-AEF3-B00A81995FD7}.Release|Any CPU.Build.0 = Release|Any CPU
		{7EFE9B6C-35B3-45F0-AF1B-A3E8D2EE5E79}.Debug|Any CPU.ActiveCfg = Debug|Any CPU
		{7EFE9B6C-35B3-45F0-AF1B-A3E8D2EE5E79}.Debug|Any CPU.Build.0 = Debug|Any CPU
		{7EFE9B6C-35B3-45F0-AF1B-A3E8D2EE5E79}.Release|Any CPU.ActiveCfg = Release|Any CPU
		{7EFE9B6C-35B3-45F0-AF1B-A3E8D2EE5E79}.Release|Any CPU.Build.0 = Release|Any CPU
		{28B0A137-031E-47FC-8B47-2EFC63DF3E39}.Debug|Any CPU.ActiveCfg = Debug|Any CPU
		{28B0A137-031E-47FC-8B47-2EFC63DF3E39}.Debug|Any CPU.Build.0 = Debug|Any CPU
		{28B0A137-031E-47FC-8B47-2EFC63DF3E39}.Release|Any CPU.ActiveCfg = Release|Any CPU
		{28B0A137-031E-47FC-8B47-2EFC63DF3E39}.Release|Any CPU.Build.0 = Release|Any CPU
		{F04831F2-C6B5-40A0-8A0A-2E5B37B69062}.Debug|Any CPU.ActiveCfg = Debug|Any CPU
		{F04831F2-C6B5-40A0-8A0A-2E5B37B69062}.Debug|Any CPU.Build.0 = Debug|Any CPU
		{F04831F2-C6B5-40A0-8A0A-2E5B37B69062}.Release|Any CPU.ActiveCfg = Release|Any CPU
		{F04831F2-C6B5-40A0-8A0A-2E5B37B69062}.Release|Any CPU.Build.0 = Release|Any CPU
		{EEAED1D3-F073-474E-9FF8-42E3C908BFDB}.Debug|Any CPU.ActiveCfg = Debug|Any CPU
		{EEAED1D3-F073-474E-9FF8-42E3C908BFDB}.Debug|Any CPU.Build.0 = Debug|Any CPU
		{EEAED1D3-F073-474E-9FF8-42E3C908BFDB}.Release|Any CPU.ActiveCfg = Release|Any CPU
		{EEAED1D3-F073-474E-9FF8-42E3C908BFDB}.Release|Any CPU.Build.0 = Release|Any CPU
		{DCA5CFBC-0AD4-4E6F-883D-30A2A9E4C9E2}.Debug|Any CPU.ActiveCfg = Debug|Any CPU
		{DCA5CFBC-0AD4-4E6F-883D-30A2A9E4C9E2}.Debug|Any CPU.Build.0 = Debug|Any CPU
		{DCA5CFBC-0AD4-4E6F-883D-30A2A9E4C9E2}.Release|Any CPU.ActiveCfg = Release|Any CPU
		{DCA5CFBC-0AD4-4E6F-883D-30A2A9E4C9E2}.Release|Any CPU.Build.0 = Release|Any CPU
	EndGlobalSection
	GlobalSection(NestedProjects) = preSolution
		{0A12F967-31F9-430A-8575-3D83BE0BF71D} = {B3242C85-5010-4B5D-9592-8649A2F0EAFD}
		{BF290312-8CCE-4FF9-8A71-06B8F6888DED} = {B3242C85-5010-4B5D-9592-8649A2F0EAFD}
		{12E277BB-F625-4C44-B6B8-9D3D5E9EF486} = {B3242C85-5010-4B5D-9592-8649A2F0EAFD}
		{3EB1F5AE-1E14-4B10-81A4-F7CAABDCF458} = {0A12F967-31F9-430A-8575-3D83BE0BF71D}
		{0DCD5B5D-946B-4BB2-ADFB-E99E3C20AF7F} = {12E277BB-F625-4C44-B6B8-9D3D5E9EF486}
		{1D49C7DF-D332-436F-9F5E-552D16C3C551} = {12E277BB-F625-4C44-B6B8-9D3D5E9EF486}
		{89252EA3-B306-4999-A35C-C1F16AB951C2} = {BF290312-8CCE-4FF9-8A71-06B8F6888DED}
		{4346656C-2737-43CD-BD20-B241425309C8} = {89252EA3-B306-4999-A35C-C1F16AB951C2}
		{B35C1513-1D5F-4F25-983A-05908EDB8CD5} = {89252EA3-B306-4999-A35C-C1F16AB951C2}
		{80A67E68-FD4F-4B77-A4CF-25E6AEC9E07E} = {89252EA3-B306-4999-A35C-C1F16AB951C2}
		{F8C6C105-AAD1-4B3F-9DB1-C5A9EA007179} = {12E277BB-F625-4C44-B6B8-9D3D5E9EF486}
		{280BB301-28FF-4193-B493-7F5F276B8984} = {BF290312-8CCE-4FF9-8A71-06B8F6888DED}
		{12000E6C-EAC1-4560-BD21-BE9E8DE6BB96} = {280BB301-28FF-4193-B493-7F5F276B8984}
		{76F2C8C7-8653-4207-9B8F-141D78CA7E62} = {280BB301-28FF-4193-B493-7F5F276B8984}
		{5BC53AFE-D98C-4067-9039-BB666EB29662} = {280BB301-28FF-4193-B493-7F5F276B8984}
		{53D27F28-CA6A-45ED-BCA1-43CA1B6AD0A8} = {59785109-246A-4C9E-8BAB-820C4066C614}
		{164776D2-9319-4E00-9DCB-2F3D218DC0C4} = {59785109-246A-4C9E-8BAB-820C4066C614}
		{D6D5AC7F-3B32-4623-A711-F1B5D7A338E6} = {59785109-246A-4C9E-8BAB-820C4066C614}
		{90AB1EE5-1FE2-4B61-9E58-11FE68DC0E94} = {164776D2-9319-4E00-9DCB-2F3D218DC0C4}
		{7D837369-D436-4276-85B2-33418DC67993} = {164776D2-9319-4E00-9DCB-2F3D218DC0C4}
		{71C22B84-1993-44C3-9DC6-8F34F49371B8} = {7D837369-D436-4276-85B2-33418DC67993}
		{B3F4AB1C-1367-4CCC-8EE9-7F5925688B0A} = {90AB1EE5-1FE2-4B61-9E58-11FE68DC0E94}
		{A8FB42B8-5FE2-4F4D-9333-4F063C767EF0} = {BF290312-8CCE-4FF9-8A71-06B8F6888DED}
		{660FE6A5-0C57-41E7-806A-7D01443799F5} = {A8FB42B8-5FE2-4F4D-9333-4F063C767EF0}
		{6ACCCB2A-3251-46FE-9D2D-A2B360620FF2} = {A8FB42B8-5FE2-4F4D-9333-4F063C767EF0}
		{11C0F1AB-914B-4E40-A964-2C7FDDCCECFC} = {A8FB42B8-5FE2-4F4D-9333-4F063C767EF0}
		{779323EA-D7CA-4E4F-B9ED-BDB450C90694} = {164776D2-9319-4E00-9DCB-2F3D218DC0C4}
		{09732005-DC2D-46DC-9386-F074FFF1FE34} = {779323EA-D7CA-4E4F-B9ED-BDB450C90694}
		{ED527B13-3DFC-415C-AEF3-B00A81995FD7} = {779323EA-D7CA-4E4F-B9ED-BDB450C90694}
		{7EFE9B6C-35B3-45F0-AF1B-A3E8D2EE5E79} = {7D837369-D436-4276-85B2-33418DC67993}
		{28B0A137-031E-47FC-8B47-2EFC63DF3E39} = {90AB1EE5-1FE2-4B61-9E58-11FE68DC0E94}
		{F9964A10-E1CF-4753-B313-D679AF45CB0A} = {BF290312-8CCE-4FF9-8A71-06B8F6888DED}
		{F04831F2-C6B5-40A0-8A0A-2E5B37B69062} = {F9964A10-E1CF-4753-B313-D679AF45CB0A}
		{EEAED1D3-F073-474E-9FF8-42E3C908BFDB} = {F9964A10-E1CF-4753-B313-D679AF45CB0A}
		{DCA5CFBC-0AD4-4E6F-883D-30A2A9E4C9E2} = {F9964A10-E1CF-4753-B313-D679AF45CB0A}
	EndGlobalSection
EndGlobal
